
Microsoft Visual Studio Solution File, Format Version 12.00
Project("{FAE04EC0-301F-11D3-BF4B-00C04F79EFBC}") = "ToyRobotApp", "ToyRobotApp\ToyRobotApp.csproj", "{BA1B67BC-E109-4139-9B85-4F68ACD488F7}"
EndProject
Project("{FAE04EC0-301F-11D3-BF4B-00C04F79EFBC}") = "ToyRobotTests", "ToyRobotTests\ToyRobotTests.csproj", "{E37ED9BC-D787-4BE4-B967-767D5BE7359E}"
EndProject
Global
	GlobalSection(SolutionConfigurationPlatforms) = preSolution
		Debug|Any CPU = Debug|Any CPU
		Release|Any CPU = Release|Any CPU
	EndGlobalSection
	GlobalSection(ProjectConfigurationPlatforms) = postSolution
		{BA1B67BC-E109-4139-9B85-4F68ACD488F7}.Debug|Any CPU.ActiveCfg = Debug|Any CPU
		{BA1B67BC-E109-4139-9B85-4F68ACD488F7}.Debug|Any CPU.Build.0 = Debug|Any CPU
		{BA1B67BC-E109-4139-9B85-4F68ACD488F7}.Release|Any CPU.ActiveCfg = Release|Any CPU
		{BA1B67BC-E109-4139-9B85-4F68ACD488F7}.Release|Any CPU.Build.0 = Release|Any CPU
		{E37ED9BC-D787-4BE4-B967-767D5BE7359E}.Debug|Any CPU.ActiveCfg = Debug|Any CPU
		{E37ED9BC-D787-4BE4-B967-767D5BE7359E}.Debug|Any CPU.Build.0 = Debug|Any CPU
		{E37ED9BC-D787-4BE4-B967-767D5BE7359E}.Release|Any CPU.ActiveCfg = Release|Any CPU
		{E37ED9BC-D787-4BE4-B967-767D5BE7359E}.Release|Any CPU.Build.0 = Release|Any CPU
	EndGlobalSection
EndGlobal
